
Microsoft Visual Studio Solution File, Format Version 12.00
# Visual Studio Version 16
VisualStudioVersion = 16.0.32901.82
MinimumVisualStudioVersion = 10.0.40219.1
Project("{FAE04EC0-301F-11D3-BF4B-00C04F79EFBC}") = "ServiceRequestApplicationMVC", "ServiceRequestApplicationMVC\ServiceRequestApplicationMVC.csproj", "{27B76448-E48B-4483-AD21-2253FFCA5634}"
EndProject
Global
	GlobalSection(SolutionConfigurationPlatforms) = preSolution
		Debug|Any CPU = Debug|Any CPU
		Release|Any CPU = Release|Any CPU
	EndGlobalSection
	GlobalSection(ProjectConfigurationPlatforms) = postSolution
		{27B76448-E48B-4483-AD21-2253FFCA5634}.Debug|Any CPU.ActiveCfg = Debug|Any CPU
		{27B76448-E48B-4483-AD21-2253FFCA5634}.Debug|Any CPU.Build.0 = Debug|Any CPU
		{27B76448-E48B-4483-AD21-2253FFCA5634}.Release|Any CPU.ActiveCfg = Release|Any CPU
		{27B76448-E48B-4483-AD21-2253FFCA5634}.Release|Any CPU.Build.0 = Release|Any CPU
	EndGlobalSection
	GlobalSection(SolutionProperties) = preSolution
		HideSolutionNode = FALSE
	EndGlobalSection
	GlobalSection(ExtensibilityGlobals) = postSolution
		SolutionGuid = {339B1E29-76D5-4FC3-B4FC-5D5257E3DC17}
	EndGlobalSection
EndGlobal
